
Microsoft Visual Studio Solution File, Format Version 12.00
# Visual Studio Version 17
VisualStudioVersion = 17.9.34728.123
MinimumVisualStudioVersion = 10.0.40219.1
Project("{FAE04EC0-301F-11D3-BF4B-00C04F79EFBC}") = "prjIntegradoBD", "prjIntegradoBD\prjIntegradoBD.csproj", "{5FD718FE-5C1F-4DED-8572-E0190502FB15}"
EndProject
Project("{2150E333-8FDC-42A3-9474-1A3956D46DE8}") = "Itens de Solução", "Itens de Solução", "{FCABB797-D754-4556-BD77-4DCB28CE7C6B}"
	ProjectSection(SolutionItems) = preProject
		..\..\..\..\Desktop\Icone-aluno.jpg = ..\..\..\..\Desktop\Icone-aluno.jpg
	EndProjectSection
EndProject
Global
	GlobalSection(SolutionConfigurationPlatforms) = preSolution
		Debug|Any CPU = Debug|Any CPU
		Release|Any CPU = Release|Any CPU
	EndGlobalSection
	GlobalSection(ProjectConfigurationPlatforms) = postSolution
		{5FD718FE-5C1F-4DED-8572-E0190502FB15}.Debug|Any CPU.ActiveCfg = Debug|Any CPU
		{5FD718FE-5C1F-4DED-8572-E0190502FB15}.Debug|Any CPU.Build.0 = Debug|Any CPU
		{5FD718FE-5C1F-4DED-8572-E0190502FB15}.Release|Any CPU.ActiveCfg = Release|Any CPU
		{5FD718FE-5C1F-4DED-8572-E0190502FB15}.Release|Any CPU.Build.0 = Release|Any CPU
	EndGlobalSection
	GlobalSection(SolutionProperties) = preSolution
		HideSolutionNode = FALSE
	EndGlobalSection
	GlobalSection(ExtensibilityGlobals) = postSolution
		SolutionGuid = {9D8A3C26-E588-4E44-BB38-03D02F58ECA2}
	EndGlobalSection
EndGlobal
